
Microsoft Visual Studio Solution File, Format Version 12.00
# Visual Studio Version 17
VisualStudioVersion = 17.10.34928.147
MinimumVisualStudioVersion = 10.0.40219.1
Project("{FAE04EC0-301F-11D3-BF4B-00C04F79EFBC}") = "Pelatihan Mart", "Pelatihan Mart\Pelatihan Mart.csproj", "{A973E636-BF84-497E-90A7-BEA41D04F210}"
EndProject
Global
	GlobalSection(SolutionConfigurationPlatforms) = preSolution
		Debug|Any CPU = Debug|Any CPU
		Release|Any CPU = Release|Any CPU
	EndGlobalSection
	GlobalSection(ProjectConfigurationPlatforms) = postSolution
		{A973E636-BF84-497E-90A7-BEA41D04F210}.Debug|Any CPU.ActiveCfg = Debug|Any CPU
		{A973E636-BF84-497E-90A7-BEA41D04F210}.Debug|Any CPU.Build.0 = Debug|Any CPU
		{A973E636-BF84-497E-90A7-BEA41D04F210}.Release|Any CPU.ActiveCfg = Release|Any CPU
		{A973E636-BF84-497E-90A7-BEA41D04F210}.Release|Any CPU.Build.0 = Release|Any CPU
	EndGlobalSection
	GlobalSection(SolutionProperties) = preSolution
		HideSolutionNode = FALSE
	EndGlobalSection
	GlobalSection(ExtensibilityGlobals) = postSolution
		SolutionGuid = {10F3BAC8-832B-40D4-BE2D-A7A327E5AFC4}
	EndGlobalSection
EndGlobal
